
Microsoft Visual Studio Solution File, Format Version 12.00
# Visual Studio Version 16
VisualStudioVersion = 16.0.29424.173
MinimumVisualStudioVersion = 10.0.40219.1
Project("{9A19103F-16F7-4668-BE54-9A1E7A4F7556}") = "Core", "Core\Core.csproj", "{E0B5D3BD-1556-4B0A-8B83-C658F712CD94}"
EndProject
Project("{FAE04EC0-301F-11D3-BF4B-00C04F79EFBC}") = "WebApplication2", "WebApplication2\WebApplication2.csproj", "{D6D374D6-9E7A-438D-9848-51AF043AEDA4}"
EndProject
Global
	GlobalSection(SolutionConfigurationPlatforms) = preSolution
		Debug|Any CPU = Debug|Any CPU
		Release|Any CPU = Release|Any CPU
	EndGlobalSection
	GlobalSection(ProjectConfigurationPlatforms) = postSolution
		{E0B5D3BD-1556-4B0A-8B83-C658F712CD94}.Debug|Any CPU.ActiveCfg = Debug|Any CPU
		{E0B5D3BD-1556-4B0A-8B83-C658F712CD94}.Debug|Any CPU.Build.0 = Debug|Any CPU
		{E0B5D3BD-1556-4B0A-8B83-C658F712CD94}.Release|Any CPU.ActiveCfg = Release|Any CPU
		{E0B5D3BD-1556-4B0A-8B83-C658F712CD94}.Release|Any CPU.Build.0 = Release|Any CPU
		{D6D374D6-9E7A-438D-9848-51AF043AEDA4}.Debug|Any CPU.ActiveCfg = Debug|Any CPU
		{D6D374D6-9E7A-438D-9848-51AF043AEDA4}.Debug|Any CPU.Build.0 = Debug|Any CPU
		{D6D374D6-9E7A-438D-9848-51AF043AEDA4}.Release|Any CPU.ActiveCfg = Release|Any CPU
		{D6D374D6-9E7A-438D-9848-51AF043AEDA4}.Release|Any CPU.Build.0 = Release|Any CPU
	EndGlobalSection
	GlobalSection(SolutionProperties) = preSolution
		HideSolutionNode = FALSE
	EndGlobalSection
	GlobalSection(ExtensibilityGlobals) = postSolution
		SolutionGuid = {9779E3D1-FD40-4895-996F-3DE4218BA9E3}
	EndGlobalSection
EndGlobal
